// !$*UTF8*$!
{
	archiveVersion = 1;
	classes = {
	};
	objectVersion = 46;
	objects = {

/* Begin PBXBuildFile section */
		2E64FA5F1EFB16C80066A54C /* AppDelegate.swift in Sources */ = {isa = PBXBuildFile; fileRef = 2E64FA5E1EFB16C80066A54C /* AppDelegate.swift */; };
		2E64FA641EFB16C80066A54C /* Main.storyboard in Resources */ = {isa = PBXBuildFile; fileRef = 2E64FA621EFB16C80066A54C /* Main.storyboard */; };
		2E64FA661EFB16C80066A54C /* Assets.xcassets in Resources */ = {isa = PBXBuildFile; fileRef = 2E64FA651EFB16C80066A54C /* Assets.xcassets */; };
		2E64FA691EFB16C80066A54C /* LaunchScreen.storyboard in Resources */ = {isa = PBXBuildFile; fileRef = 2E64FA671EFB16C80066A54C /* LaunchScreen.storyboard */; };
		2E64FA8D1EFB189A0066A54C /* MoviesViewController.swift in Sources */ = {isa = PBXBuildFile; fileRef = 2E64FA8C1EFB189A0066A54C /* MoviesViewController.swift */; };
		2E64FA931EFB342C0066A54C /* MovieCell.swift in Sources */ = {isa = PBXBuildFile; fileRef = 2E64FA921EFB342C0066A54C /* MovieCell.swift */; };
		6E3FBCD07ED03F17744B1B31 /* Pods_FlixTests.framework in Frameworks */ = {isa = PBXBuildFile; fileRef = 6D29A3984BE61DC46F74EA00 /* Pods_FlixTests.framework */; };
		84152AD9109F41E3E30C7006 /* Pods_Flix.framework in Frameworks */ = {isa = PBXBuildFile; fileRef = 63B4BA5A8BFFD3747857A65C /* Pods_Flix.framework */; };
		8D288D803F48DE28AF22A211 /* Pods_FlixUITests.framework in Frameworks */ = {isa = PBXBuildFile; fileRef = 9849A7E5D78C9DB3902EAC67 /* Pods_FlixUITests.framework */; };
/* End PBXBuildFile section */

/* Begin PBXContainerItemProxy section */
		2E64FA701EFB16C80066A54C /* PBXContainerItemProxy */ = {
			isa = PBXContainerItemProxy;
			containerPortal = 2E64FA531EFB16C80066A54C /* Project object */;
			proxyType = 1;
			remoteGlobalIDString = 2E64FA5A1EFB16C80066A54C;
			remoteInfo = Flix;
		};
		2E64FA7B1EFB16C80066A54C /* PBXContainerItemProxy */ = {
			isa = PBXContainerItemProxy;
			containerPortal = 2E64FA531EFB16C80066A54C /* Project object */;
			proxyType = 1;
			remoteGlobalIDString = 2E64FA5A1EFB16C80066A54C;
			remoteInfo = Flix;
		};
/* End PBXContainerItemProxy section */

/* Begin PBXFileReference section */
		2E64FA5B1EFB16C80066A54C /* Flix.app */ = {isa = PBXFileReference; explicitFileType = wrapper.application; includeInIndex = 0; path = Flix.app; sourceTree = BUILT_PRODUCTS_DIR; };
		2E64FA5E1EFB16C80066A54C /* AppDelegate.swift */ = {isa = PBXFileReference; lastKnownFileType = sourcecode.swift; path = AppDelegate.swift; sourceTree = "<group>"; };
		2E64FA631EFB16C80066A54C /* Base */ = {isa = PBXFileReference; lastKnownFileType = file.storyboard; name = Base; path = Base.lproj/Main.storyboard; sourceTree = "<group>"; };
		2E64FA651EFB16C80066A54C /* Assets.xcassets */ = {isa = PBXFileReference; lastKnownFileType = folder.assetcatalog; path = Assets.xcassets; sourceTree = "<group>"; };
		2E64FA681EFB16C80066A54C /* Base */ = {isa = PBXFileReference; lastKnownFileType = file.storyboard; name = Base; path = Base.lproj/LaunchScreen.storyboard; sourceTree = "<group>"; };
		2E64FA6A1EFB16C80066A54C /* Info.plist */ = {isa = PBXFileReference; lastKnownFileType = text.plist.xml; path = Info.plist; sourceTree = "<group>"; };
		2E64FA6F1EFB16C80066A54C /* FlixTests.xctest */ = {isa = PBXFileReference; explicitFileType = wrapper.cfbundle; includeInIndex = 0; path = FlixTests.xctest; sourceTree = BUILT_PRODUCTS_DIR; };
		2E64FA7A1EFB16C80066A54C /* FlixUITests.xctest */ = {isa = PBXFileReference; explicitFileType = wrapper.cfbundle; includeInIndex = 0; path = FlixUITests.xctest; sourceTree = BUILT_PRODUCTS_DIR; };
		2E64FA8C1EFB189A0066A54C /* MoviesViewController.swift */ = {isa = PBXFileReference; fileEncoding = 4; lastKnownFileType = sourcecode.swift; path = MoviesViewController.swift; sourceTree = "<group>"; };
		2E64FA921EFB342C0066A54C /* MovieCell.swift */ = {isa = PBXFileReference; fileEncoding = 4; lastKnownFileType = sourcecode.swift; path = MovieCell.swift; sourceTree = "<group>"; };
		3863B9EB4FCC29143ABFC378 /* Pods-Flix.debug.xcconfig */ = {isa = PBXFileReference; includeInIndex = 1; lastKnownFileType = text.xcconfig; name = "Pods-Flix.debug.xcconfig"; path = "Pods/Target Support Files/Pods-Flix/Pods-Flix.debug.xcconfig"; sourceTree = "<group>"; };
		4160D96102C19B7510C74263 /* Pods-FlixTests.release.xcconfig */ = {isa = PBXFileReference; includeInIndex = 1; lastKnownFileType = text.xcconfig; name = "Pods-FlixTests.release.xcconfig"; path = "Pods/Target Support Files/Pods-FlixTests/Pods-FlixTests.release.xcconfig"; sourceTree = "<group>"; };
		63B4BA5A8BFFD3747857A65C /* Pods_Flix.framework */ = {isa = PBXFileReference; explicitFileType = wrapper.framework; includeInIndex = 0; path = Pods_Flix.framework; sourceTree = BUILT_PRODUCTS_DIR; };
		64218DA7A9E91924158DB0FA /* Pods-FlixTests.debug.xcconfig */ = {isa = PBXFileReference; includeInIndex = 1; lastKnownFileType = text.xcconfig; name = "Pods-FlixTests.debug.xcconfig"; path = "Pods/Target Support Files/Pods-FlixTests/Pods-FlixTests.debug.xcconfig"; sourceTree = "<group>"; };
		6D29A3984BE61DC46F74EA00 /* Pods_FlixTests.framework */ = {isa = PBXFileReference; explicitFileType = wrapper.framework; includeInIndex = 0; path = Pods_FlixTests.framework; sourceTree = BUILT_PRODUCTS_DIR; };
		7FAEB8BB41098FA2B96B8067 /* Pods-FlixUITests.debug.xcconfig */ = {isa = PBXFileReference; includeInIndex = 1; lastKnownFileType = text.xcconfig; name = "Pods-FlixUITests.debug.xcconfig"; path = "Pods/Target Support Files/Pods-FlixUITests/Pods-FlixUITests.debug.xcconfig"; sourceTree = "<group>"; };
		80656584F41A6B5A83735495 /* Pods-Flix.release.xcconfig */ = {isa = PBXFileReference; includeInIndex = 1; lastKnownFileType = text.xcconfig; name = "Pods-Flix.release.xcconfig"; path = "Pods/Target Support Files/Pods-Flix/Pods-Flix.release.xcconfig"; sourceTree = "<group>"; };
		9849A7E5D78C9DB3902EAC67 /* Pods_FlixUITests.framework */ = {isa = PBXFileReference; explicitFileType = wrapper.framework; includeInIndex = 0; path = Pods_FlixUITests.framework; sourceTree = BUILT_PRODUCTS_DIR; };
		EE25EC6D9CF36ECD09736D75 /* Pods-FlixUITests.release.xcconfig */ = {isa = PBXFileReference; includeInIndex = 1; lastKnownFileType = text.xcconfig; name = "Pods-FlixUITests.release.xcconfig"; path = "Pods/Target Support Files/Pods-FlixUITests/Pods-FlixUITests.release.xcconfig"; sourceTree = "<group>"; };
/* End PBXFileReference section */

/* Begin PBXFrameworksBuildPhase section */
		2E64FA581EFB16C80066A54C /* Frameworks */ = {
			isa = PBXFrameworksBuildPhase;
			buildActionMask = 2147483647;
			files = (
				84152AD9109F41E3E30C7006 /* Pods_Flix.framework in Frameworks */,
			);
			runOnlyForDeploymentPostprocessing = 0;
		};
		2E64FA6C1EFB16C80066A54C /* Frameworks */ = {
			isa = PBXFrameworksBuildPhase;
			buildActionMask = 2147483647;
			files = (
				6E3FBCD07ED03F17744B1B31 /* Pods_FlixTests.framework in Frameworks */,
			);
			runOnlyForDeploymentPostprocessing = 0;
		};
		2E64FA771EFB16C80066A54C /* Frameworks */ = {
			isa = PBXFrameworksBuildPhase;
			buildActionMask = 2147483647;
			files = (
				8D288D803F48DE28AF22A211 /* Pods_FlixUITests.framework in Frameworks */,
			);
			runOnlyForDeploymentPostprocessing = 0;
		};
/* End PBXFrameworksBuildPhase section */

/* Begin PBXGroup section */
		240E8F65D456B23729AA48A4 /* Pods */ = {
			isa = PBXGroup;
			children = (
				3863B9EB4FCC29143ABFC378 /* Pods-Flix.debug.xcconfig */,
				80656584F41A6B5A83735495 /* Pods-Flix.release.xcconfig */,
				64218DA7A9E91924158DB0FA /* Pods-FlixTests.debug.xcconfig */,
				4160D96102C19B7510C74263 /* Pods-FlixTests.release.xcconfig */,
				7FAEB8BB41098FA2B96B8067 /* Pods-FlixUITests.debug.xcconfig */,
				EE25EC6D9CF36ECD09736D75 /* Pods-FlixUITests.release.xcconfig */,
			);
			name = Pods;
			sourceTree = "<group>";
		};
		2E64FA521EFB16C80066A54C = {
			isa = PBXGroup;
			children = (
				2E64FA5D1EFB16C80066A54C /* Flix */,
				2E64FA5C1EFB16C80066A54C /* Products */,
				240E8F65D456B23729AA48A4 /* Pods */,
				82232F2E2BB6D4848B71630A /* Frameworks */,
			);
			sourceTree = "<group>";
		};
		2E64FA5C1EFB16C80066A54C /* Products */ = {
			isa = PBXGroup;
			children = (
				2E64FA5B1EFB16C80066A54C /* Flix.app */,
				2E64FA6F1EFB16C80066A54C /* FlixTests.xctest */,
				2E64FA7A1EFB16C80066A54C /* FlixUITests.xctest */,
			);
			name = Products;
			sourceTree = "<group>";
		};
		2E64FA5D1EFB16C80066A54C /* Flix */ = {
			isa = PBXGroup;
			children = (
				2E64FA5E1EFB16C80066A54C /* AppDelegate.swift */,
				2E64FA921EFB342C0066A54C /* MovieCell.swift */,
				2E64FA8C1EFB189A0066A54C /* MoviesViewController.swift */,
				2E64FA621EFB16C80066A54C /* Main.storyboard */,
				2E64FA651EFB16C80066A54C /* Assets.xcassets */,
				2E64FA671EFB16C80066A54C /* LaunchScreen.storyboard */,
				2E64FA6A1EFB16C80066A54C /* Info.plist */,
			);
			path = Flix;
			sourceTree = "<group>";
		};
		82232F2E2BB6D4848B71630A /* Frameworks */ = {
			isa = PBXGroup;
			children = (
				63B4BA5A8BFFD3747857A65C /* Pods_Flix.framework */,
				6D29A3984BE61DC46F74EA00 /* Pods_FlixTests.framework */,
				9849A7E5D78C9DB3902EAC67 /* Pods_FlixUITests.framework */,
			);
			name = Frameworks;
			sourceTree = "<group>";
		};
/* End PBXGroup section */

/* Begin PBXNativeTarget section */
		2E64FA5A1EFB16C80066A54C /* Flix */ = {
			isa = PBXNativeTarget;
			buildConfigurationList = 2E64FA831EFB16C80066A54C /* Build configuration list for PBXNativeTarget "Flix" */;
			buildPhases = (
				6C87DC22A71C52D397443B1A /* [CP] Check Pods Manifest.lock */,
				2E64FA571EFB16C80066A54C /* Sources */,
				2E64FA581EFB16C80066A54C /* Frameworks */,
				2E64FA591EFB16C80066A54C /* Resources */,
				AED3C2652625DA2796CD4190 /* [CP] Embed Pods Frameworks */,
				230C7A4D7FFF5BC8EA30A8B8 /* [CP] Copy Pods Resources */,
			);
			buildRules = (
			);
			dependencies = (
			);
			name = Flix;
			productName = Flix;
			productReference = 2E64FA5B1EFB16C80066A54C /* Flix.app */;
			productType = "com.apple.product-type.application";
		};
		2E64FA6E1EFB16C80066A54C /* FlixTests */ = {
			isa = PBXNativeTarget;
			buildConfigurationList = 2E64FA861EFB16C80066A54C /* Build configuration list for PBXNativeTarget "FlixTests" */;
			buildPhases = (
				DA4F2A3D24F3F5356AD91B7C /* [CP] Check Pods Manifest.lock */,
				2E64FA6B1EFB16C80066A54C /* Sources */,
				2E64FA6C1EFB16C80066A54C /* Frameworks */,
				2E64FA6D1EFB16C80066A54C /* Resources */,
				90A96DC751864A752124D2D7 /* [CP] Embed Pods Frameworks */,
				B94F237BB93AA10DC01C8725 /* [CP] Copy Pods Resources */,
			);
			buildRules = (
			);
			dependencies = (
				2E64FA711EFB16C80066A54C /* PBXTargetDependency */,
			);
			name = FlixTests;
			productName = FlixTests;
			productReference = 2E64FA6F1EFB16C80066A54C /* FlixTests.xctest */;
			productType = "com.apple.product-type.bundle.unit-test";
		};
		2E64FA791EFB16C80066A54C /* FlixUITests */ = {
			isa = PBXNativeTarget;
			buildConfigurationList = 2E64FA891EFB16C80066A54C /* Build configuration list for PBXNativeTarget "FlixUITests" */;
			buildPhases = (
				F7F50950A2858EBF45277047 /* [CP] Check Pods Manifest.lock */,
				2E64FA761EFB16C80066A54C /* Sources */,
				2E64FA771EFB16C80066A54C /* Frameworks */,
				2E64FA781EFB16C80066A54C /* Resources */,
				904BFC1A3832A57E429FFC51 /* [CP] Embed Pods Frameworks */,
				044C74BAC6E7E3900E167F3C /* [CP] Copy Pods Resources */,
			);
			buildRules = (
			);
			dependencies = (
				2E64FA7C1EFB16C80066A54C /* PBXTargetDependency */,
			);
			name = FlixUITests;
			productName = FlixUITests;
			productReference = 2E64FA7A1EFB16C80066A54C /* FlixUITests.xctest */;
			productType = "com.apple.product-type.bundle.ui-testing";
		};
/* End PBXNativeTarget section */

/* Begin PBXProject section */
		2E64FA531EFB16C80066A54C /* Project object */ = {
			isa = PBXProject;
			attributes = {
				LastSwiftUpdateCheck = 0830;
				LastUpgradeCheck = 0830;
				ORGANIZATIONNAME = "Shao Yie Soh";
				TargetAttributes = {
					2E64FA5A1EFB16C80066A54C = {
						CreatedOnToolsVersion = 8.3.2;
						ProvisioningStyle = Automatic;
					};
					2E64FA6E1EFB16C80066A54C = {
						CreatedOnToolsVersion = 8.3.2;
						ProvisioningStyle = Automatic;
						TestTargetID = 2E64FA5A1EFB16C80066A54C;
					};
					2E64FA791EFB16C80066A54C = {
						CreatedOnToolsVersion = 8.3.2;
						ProvisioningStyle = Automatic;
						TestTargetID = 2E64FA5A1EFB16C80066A54C;
					};
				};
			};
			buildConfigurationList = 2E64FA561EFB16C80066A54C /* Build configuration list for PBXProject "Flix" */;
			compatibilityVersion = "Xcode 3.2";
			developmentRegion = English;
			hasScannedForEncodings = 0;
			knownRegions = (
				en,
				Base,
			);
			mainGroup = 2E64FA521EFB16C80066A54C;
			productRefGroup = 2E64FA5C1EFB16C80066A54C /* Products */;
			projectDirPath = "";
			projectRoot = "";
			targets = (
				2E64FA5A1EFB16C80066A54C /* Flix */,
				2E64FA6E1EFB16C80066A54C /* FlixTests */,
				2E64FA791EFB16C80066A54C /* FlixUITests */,
			);
		};
/* End PBXProject section */

/* Begin PBXResourcesBuildPhase section */
		2E64FA591EFB16C80066A54C /* Resources */ = {
			isa = PBXResourcesBuildPhase;
			buildActionMask = 2147483647;
			files = (
				2E64FA691EFB16C80066A54C /* LaunchScreen.storyboard in Resources */,
				2E64FA661EFB16C80066A54C /* Assets.xcassets in Resources */,
				2E64FA641EFB16C80066A54C /* Main.storyboard in Resources */,
			);
			runOnlyForDeploymentPostprocessing = 0;
		};
		2E64FA6D1EFB16C80066A54C /* Resources */ = {
			isa = PBXResourcesBuildPhase;
			buildActionMask = 2147483647;
			files = (
			);
			runOnlyForDeploymentPostprocessing = 0;
		};
		2E64FA781EFB16C80066A54C /* Resources */ = {
			isa = PBXResourcesBuildPhase;
			buildActionMask = 2147483647;
			files = (
			);
			runOnlyForDeploymentPostprocessing = 0;
		};
/* End PBXResourcesBuildPhase section */

/* Begin PBXShellScriptBuildPhase section */
		044C74BAC6E7E3900E167F3C /* [CP] Copy Pods Resources */ = {
			isa = PBXShellScriptBuildPhase;
			buildActionMask = 2147483647;
			files = (
			);
			inputPaths = (
			);
			name = "[CP] Copy Pods Resources";
			outputPaths = (
			);
			runOnlyForDeploymentPostprocessing = 0;
			shellPath = /bin/sh;
			shellScript = "\"${SRCROOT}/Pods/Target Support Files/Pods-FlixUITests/Pods-FlixUITests-resources.sh\"\n";
			showEnvVarsInLog = 0;
		};
		230C7A4D7FFF5BC8EA30A8B8 /* [CP] Copy Pods Resources */ = {
			isa = PBXShellScriptBuildPhase;
			buildActionMask = 2147483647;
			files = (
			);
			inputPaths = (
			);
			name = "[CP] Copy Pods Resources";
			outputPaths = (
			);
			runOnlyForDeploymentPostprocessing = 0;
			shellPath = /bin/sh;
			shellScript = "\"${SRCROOT}/Pods/Target Support Files/Pods-Flix/Pods-Flix-resources.sh\"\n";
			showEnvVarsInLog = 0;
		};
		6C87DC22A71C52D397443B1A /* [CP] Check Pods Manifest.lock */ = {
			isa = PBXShellScriptBuildPhase;
			buildActionMask = 2147483647;
			files = (
			);
			inputPaths = (
			);
			name = "[CP] Check Pods Manifest.lock";
			outputPaths = (
			);
			runOnlyForDeploymentPostprocessing = 0;
			shellPath = /bin/sh;
			shellScript = "diff \"${PODS_PODFILE_DIR_PATH}/Podfile.lock\" \"${PODS_ROOT}/Manifest.lock\" > /dev/null\nif [ $? != 0 ] ; then\n    # print error to STDERR\n    echo \"error: The sandbox is not in sync with the Podfile.lock. Run 'pod install' or update your CocoaPods installation.\" >&2\n    exit 1\nfi\n";
			showEnvVarsInLog = 0;
		};
		904BFC1A3832A57E429FFC51 /* [CP] Embed Pods Frameworks */ = {
			isa = PBXShellScriptBuildPhase;
			buildActionMask = 2147483647;
			files = (
			);
			inputPaths = (
			);
			name = "[CP] Embed Pods Frameworks";
			outputPaths = (
			);
			runOnlyForDeploymentPostprocessing = 0;
			shellPath = /bin/sh;
			shellScript = "\"${SRCROOT}/Pods/Target Support Files/Pods-FlixUITests/Pods-FlixUITests-frameworks.sh\"\n";
			showEnvVarsInLog = 0;
		};
		90A96DC751864A752124D2D7 /* [CP] Embed Pods Frameworks */ = {
			isa = PBXShellScriptBuildPhase;
			buildActionMask = 2147483647;
			files = (
			);
			inputPaths = (
			);
			name = "[CP] Embed Pods Frameworks";
			outputPaths = (
			);
			runOnlyForDeploymentPostprocessing = 0;
			shellPath = /bin/sh;
			shellScript = "\"${SRCROOT}/Pods/Target Support Files/Pods-FlixTests/Pods-FlixTests-frameworks.sh\"\n";
			showEnvVarsInLog = 0;
		};
		AED3C2652625DA2796CD4190 /* [CP] Embed Pods Frameworks */ = {
			isa = PBXShellScriptBuildPhase;
			buildActionMask = 2147483647;
			files = (
			);
			inputPaths = (
			);
			name = "[CP] Embed Pods Frameworks";
			outputPaths = (
			);
			runOnlyForDeploymentPostprocessing = 0;
			shellPath = /bin/sh;
			shellScript = "\"${SRCROOT}/Pods/Target Support Files/Pods-Flix/Pods-Flix-frameworks.sh\"\n";
			showEnvVarsInLog = 0;
		};
		B94F237BB93AA10DC01C8725 /* [CP] Copy Pods Resources */ = {
			isa = PBXShellScriptBuildPhase;
			buildActionMask = 2147483647;
			files = (
			);
			inputPaths = (
			);
			name = "[CP] Copy Pods Resources";
			outputPaths = (
			);
			runOnlyForDeploymentPostprocessing = 0;
			shellPath = /bin/sh;
			shellScript = "\"${SRCROOT}/Pods/Target Support Files/Pods-FlixTests/Pods-FlixTests-resources.sh\"\n";
			showEnvVarsInLog = 0;
		};
		DA4F2A3D24F3F5356AD91B7C /* [CP] Check Pods Manifest.lock */ = {
			isa = PBXShellScriptBuildPhase;
			buildActionMask = 2147483647;
			files = (
			);
			inputPaths = (
			);
			name = "[CP] Check Pods Manifest.lock";
			outputPaths = (
			);
			runOnlyForDeploymentPostprocessing = 0;
			shellPath = /bin/sh;
			shellScript = "diff \"${PODS_PODFILE_DIR_PATH}/Podfile.lock\" \"${PODS_ROOT}/Manifest.lock\" > /dev/null\nif [ $? != 0 ] ; then\n    # print error to STDERR\n    echo \"error: The sandbox is not in sync with the Podfile.lock. Run 'pod install' or update your CocoaPods installation.\" >&2\n    exit 1\nfi\n";
			showEnvVarsInLog = 0;
		};
		F7F50950A2858EBF45277047 /* [CP] Check Pods Manifest.lock */ = {
			isa = PBXShellScriptBuildPhase;
			buildActionMask = 2147483647;
			files = (
			);
			inputPaths = (
			);
			name = "[CP] Check Pods Manifest.lock";
			outputPaths = (
			);
			runOnlyForDeploymentPostprocessing = 0;
			shellPath = /bin/sh;
			shellScript = "diff \"${PODS_PODFILE_DIR_PATH}/Podfile.lock\" \"${PODS_ROOT}/Manifest.lock\" > /dev/null\nif [ $? != 0 ] ; then\n    # print error to STDERR\n    echo \"error: The sandbox is not in sync with the Podfile.lock. Run 'pod install' or update your CocoaPods installation.\" >&2\n    exit 1\nfi\n";
			showEnvVarsInLog = 0;
		};
/* End PBXShellScriptBuildPhase section */

/* Begin PBXSourcesBuildPhase section */
		2E64FA571EFB16C80066A54C /* Sources */ = {
			isa = PBXSourcesBuildPhase;
			buildActionMask = 2147483647;
			files = (
				2E64FA5F1EFB16C80066A54C /* AppDelegate.swift in Sources */,
				2E64FA8D1EFB189A0066A54C /* MoviesViewController.swift in Sources */,
				2E64FA931EFB342C0066A54C /* MovieCell.swift in Sources */,
			);
			runOnlyForDeploymentPostprocessing = 0;
		};
		2E64FA6B1EFB16C80066A54C /* Sources */ = {
			isa = PBXSourcesBuildPhase;
			buildActionMask = 2147483647;
			files = (
			);
			runOnlyForDeploymentPostprocessing = 0;
		};
		2E64FA761EFB16C80066A54C /* Sources */ = {
			isa = PBXSourcesBuildPhase;
			buildActionMask = 2147483647;
			files = (
			);
			runOnlyForDeploymentPostprocessing = 0;
		};
/* End PBXSourcesBuildPhase section */

/* Begin PBXTargetDependency section */
		2E64FA711EFB16C80066A54C /* PBXTargetDependency */ = {
			isa = PBXTargetDependency;
			target = 2E64FA5A1EFB16C80066A54C /* Flix */;
			targetProxy = 2E64FA701EFB16C80066A54C /* PBXContainerItemProxy */;
		};
		2E64FA7C1EFB16C80066A54C /* PBXTargetDependency */ = {
			isa = PBXTargetDependency;
			target = 2E64FA5A1EFB16C80066A54C /* Flix */;
			targetProxy = 2E64FA7B1EFB16C80066A54C /* PBXContainerItemProxy */;
		};
/* End PBXTargetDependency section */

/* Begin PBXVariantGroup section */
		2E64FA621EFB16C80066A54C /* Main.storyboard */ = {
			isa = PBXVariantGroup;
			children = (
				2E64FA631EFB16C80066A54C /* Base */,
			);
			name = Main.storyboard;
			sourceTree = "<group>";
		};
		2E64FA671EFB16C80066A54C /* LaunchScreen.storyboard */ = {
			isa = PBXVariantGroup;
			children = (
				2E64FA681EFB16C80066A54C /* Base */,
			);
			name = LaunchScreen.storyboard;
			sourceTree = "<group>";
		};
/* End PBXVariantGroup section */

/* Begin XCBuildConfiguration section */
		2E64FA811EFB16C80066A54C /* Debug */ = {
			isa = XCBuildConfiguration;
			buildSettings = {
				ALWAYS_SEARCH_USER_PATHS = NO;
				CLANG_ANALYZER_NONNULL = YES;
				CLANG_ANALYZER_NUMBER_OBJECT_CONVERSION = YES_AGGRESSIVE;
				CLANG_CXX_LANGUAGE_STANDARD = "gnu++0x";
				CLANG_CXX_LIBRARY = "libc++";
				CLANG_ENABLE_MODULES = YES;
				CLANG_ENABLE_OBJC_ARC = YES;
				CLANG_WARN_BOOL_CONVERSION = YES;
				CLANG_WARN_CONSTANT_CONVERSION = YES;
				CLANG_WARN_DIRECT_OBJC_ISA_USAGE = YES_ERROR;
				CLANG_WARN_DOCUMENTATION_COMMENTS = YES;
				CLANG_WARN_EMPTY_BODY = YES;
				CLANG_WARN_ENUM_CONVERSION = YES;
				CLANG_WARN_INFINITE_RECURSION = YES;
				CLANG_WARN_INT_CONVERSION = YES;
				CLANG_WARN_OBJC_ROOT_CLASS = YES_ERROR;
				CLANG_WARN_SUSPICIOUS_MOVE = YES;
				CLANG_WARN_UNREACHABLE_CODE = YES;
				CLANG_WARN__DUPLICATE_METHOD_MATCH = YES;
				"CODE_SIGN_IDENTITY[sdk=iphoneos*]" = "iPhone Developer";
				COPY_PHASE_STRIP = NO;
				DEBUG_INFORMATION_FORMAT = dwarf;
				ENABLE_STRICT_OBJC_MSGSEND = YES;
				ENABLE_TESTABILITY = YES;
				GCC_C_LANGUAGE_STANDARD = gnu99;
				GCC_DYNAMIC_NO_PIC = NO;
				GCC_NO_COMMON_BLOCKS = YES;
				GCC_OPTIMIZATION_LEVEL = 0;
				GCC_PREPROCESSOR_DEFINITIONS = (
					"DEBUG=1",
					"$(inherited)",
				);
				GCC_WARN_64_TO_32_BIT_CONVERSION = YES;
				GCC_WARN_ABOUT_RETURN_TYPE = YES_ERROR;
				GCC_WARN_UNDECLARED_SELECTOR = YES;
				GCC_WARN_UNINITIALIZED_AUTOS = YES_AGGRESSIVE;
				GCC_WARN_UNUSED_FUNCTION = YES;
				GCC_WARN_UNUSED_VARIABLE = YES;
				IPHONEOS_DEPLOYMENT_TARGET = 10.3;
				MTL_ENABLE_DEBUG_INFO = YES;
				ONLY_ACTIVE_ARCH = YES;
				SDKROOT = iphoneos;
				SWIFT_ACTIVE_COMPILATION_CONDITIONS = DEBUG;
				SWIFT_OPTIMIZATION_LEVEL = "-Onone";
				TARGETED_DEVICE_FAMILY = "1,2";
			};
			name = Debug;
		};
		2E64FA821EFB16C80066A54C /* Release */ = {
			isa = XCBuildConfiguration;
			buildSettings = {
				ALWAYS_SEARCH_USER_PATHS = NO;
				CLANG_ANALYZER_NONNULL = YES;
				CLANG_ANALYZER_NUMBER_OBJECT_CONVERSION = YES_AGGRESSIVE;
				CLANG_CXX_LANGUAGE_STANDARD = "gnu++0x";
				CLANG_CXX_LIBRARY = "libc++";
				CLANG_ENABLE_MODULES = YES;
				CLANG_ENABLE_OBJC_ARC = YES;
				CLANG_WARN_BOOL_CONVERSION = YES;
				CLANG_WARN_CONSTANT_CONVERSION = YES;
				CLANG_WARN_DIRECT_OBJC_ISA_USAGE = YES_ERROR;
				CLANG_WARN_DOCUMENTATION_COMMENTS = YES;
				CLANG_WARN_EMPTY_BODY = YES;
				CLANG_WARN_ENUM_CONVERSION = YES;
				CLANG_WARN_INFINITE_RECURSION = YES;
				CLANG_WARN_INT_CONVERSION = YES;
				CLANG_WARN_OBJC_ROOT_CLASS = YES_ERROR;
				CLANG_WARN_SUSPICIOUS_MOVE = YES;
				CLANG_WARN_UNREACHABLE_CODE = YES;
				CLANG_WARN__DUPLICATE_METHOD_MATCH = YES;
				"CODE_SIGN_IDENTITY[sdk=iphoneos*]" = "iPhone Developer";
				COPY_PHASE_STRIP = NO;
				DEBUG_INFORMATION_FORMAT = "dwarf-with-dsym";
				ENABLE_NS_ASSERTIONS = NO;
				ENABLE_STRICT_OBJC_MSGSEND = YES;
				GCC_C_LANGUAGE_STANDARD = gnu99;
				GCC_NO_COMMON_BLOCKS = YES;
				GCC_WARN_64_TO_32_BIT_CONVERSION = YES;
				GCC_WARN_ABOUT_RETURN_TYPE = YES_ERROR;
				GCC_WARN_UNDECLARED_SELECTOR = YES;
				GCC_WARN_UNINITIALIZED_AUTOS = YES_AGGRESSIVE;
				GCC_WARN_UNUSED_FUNCTION = YES;
				GCC_WARN_UNUSED_VARIABLE = YES;
				IPHONEOS_DEPLOYMENT_TARGET = 10.3;
				MTL_ENABLE_DEBUG_INFO = NO;
				SDKROOT = iphoneos;
				SWIFT_OPTIMIZATION_LEVEL = "-Owholemodule";
				TARGETED_DEVICE_FAMILY = "1,2";
				VALIDATE_PRODUCT = YES;
			};
			name = Release;
		};
		2E64FA841EFB16C80066A54C /* Debug */ = {
			isa = XCBuildConfiguration;
			baseConfigurationReference = 3863B9EB4FCC29143ABFC378 /* Pods-Flix.debug.xcconfig */;
			buildSettings = {
				ASSETCATALOG_COMPILER_APPICON_NAME = AppIcon;
				INFOPLIST_FILE = Flix/Info.plist;
				LD_RUNPATH_SEARCH_PATHS = "$(inherited) @executable_path/Frameworks";
				PRODUCT_BUNDLE_IDENTIFIER = com.fb.Flix;
				PRODUCT_NAME = "$(TARGET_NAME)";
				SWIFT_VERSION = 3.0;
			};
			name = Debug;
		};
		2E64FA851EFB16C80066A54C /* Release */ = {
			isa = XCBuildConfiguration;
			baseConfigurationReference = 80656584F41A6B5A83735495 /* Pods-Flix.release.xcconfig */;
			buildSettings = {
				ASSETCATALOG_COMPILER_APPICON_NAME = AppIcon;
				INFOPLIST_FILE = Flix/Info.plist;
				LD_RUNPATH_SEARCH_PATHS = "$(inherited) @executable_path/Frameworks";
				PRODUCT_BUNDLE_IDENTIFIER = com.fb.Flix;
				PRODUCT_NAME = "$(TARGET_NAME)";
				SWIFT_VERSION = 3.0;
			};
			name = Release;
		};
		2E64FA871EFB16C80066A54C /* Debug */ = {
			isa = XCBuildConfiguration;
			baseConfigurationReference = 64218DA7A9E91924158DB0FA /* Pods-FlixTests.debug.xcconfig */;
			buildSettings = {
				ALWAYS_EMBED_SWIFT_STANDARD_LIBRARIES = YES;
				BUNDLE_LOADER = "$(TEST_HOST)";
				INFOPLIST_FILE = FlixTests/Info.plist;
				LD_RUNPATH_SEARCH_PATHS = "$(inherited) @executable_path/Frameworks @loader_path/Frameworks";
				PRODUCT_BUNDLE_IDENTIFIER = com.fb.FlixTests;
				PRODUCT_NAME = "$(TARGET_NAME)";
				SWIFT_VERSION = 3.0;
				TEST_HOST = "$(BUILT_PRODUCTS_DIR)/Flix.app/Flix";
			};
			name = Debug;
		};
		2E64FA881EFB16C80066A54C /* Release */ = {
			isa = XCBuildConfiguration;
			baseConfigurationReference = 4160D96102C19B7510C74263 /* Pods-FlixTests.release.xcconfig */;
			buildSettings = {
				ALWAYS_EMBED_SWIFT_STANDARD_LIBRARIES = YES;
				BUNDLE_LOADER = "$(TEST_HOST)";
				INFOPLIST_FILE = FlixTests/Info.plist;
				LD_RUNPATH_SEARCH_PATHS = "$(inherited) @executable_path/Frameworks @loader_path/Frameworks";
				PRODUCT_BUNDLE_IDENTIFIER = com.fb.FlixTests;
				PRODUCT_NAME = "$(TARGET_NAME)";
				SWIFT_VERSION = 3.0;
				TEST_HOST = "$(BUILT_PRODUCTS_DIR)/Flix.app/Flix";
			};
			name = Release;
		};
		2E64FA8A1EFB16C80066A54C /* Debug */ = {
			isa = XCBuildConfiguration;
			baseConfigurationReference = 7FAEB8BB41098FA2B96B8067 /* Pods-FlixUITests.debug.xcconfig */;
			buildSettings = {
				ALWAYS_EMBED_SWIFT_STANDARD_LIBRARIES = YES;
				INFOPLIST_FILE = FlixUITests/Info.plist;
				LD_RUNPATH_SEARCH_PATHS = "$(inherited) @executable_path/Frameworks @loader_path/Frameworks";
				PRODUCT_BUNDLE_IDENTIFIER = com.fb.FlixUITests;
				PRODUCT_NAME = "$(TARGET_NAME)";
				SWIFT_VERSION = 3.0;
				TEST_TARGET_NAME = Flix;
			};
			name = Debug;
		};
		2E64FA8B1EFB16C80066A54C /* Release */ = {
			isa = XCBuildConfiguration;
			baseConfigurationReference = EE25EC6D9CF36ECD09736D75 /* Pods-FlixUITests.release.xcconfig */;
			buildSettings = {
				ALWAYS_EMBED_SWIFT_STANDARD_LIBRARIES = YES;
				INFOPLIST_FILE = FlixUITests/Info.plist;
				LD_RUNPATH_SEARCH_PATHS = "$(inherited) @executable_path/Frameworks @loader_path/Frameworks";
				PRODUCT_BUNDLE_IDENTIFIER = com.fb.FlixUITests;
				PRODUCT_NAME = "$(TARGET_NAME)";
				SWIFT_VERSION = 3.0;
				TEST_TARGET_NAME = Flix;
			};
			name = Release;
		};
/* End XCBuildConfiguration section */

/* Begin XCConfigurationList section */
		2E64FA561EFB16C80066A54C /* Build configuration list for PBXProject "Flix" */ = {
			isa = XCConfigurationList;
			buildConfigurations = (
				2E64FA811EFB16C80066A54C /* Debug */,
				2E64FA821EFB16C80066A54C /* Release */,
			);
			defaultConfigurationIsVisible = 0;
			defaultConfigurationName = Release;
		};
		2E64FA831EFB16C80066A54C /* Build configuration list for PBXNativeTarget "Flix" */ = {
			isa = XCConfigurationList;
			buildConfigurations = (
				2E64FA841EFB16C80066A54C /* Debug */,
				2E64FA851EFB16C80066A54C /* Release */,
			);
			defaultConfigurationIsVisible = 0;
			defaultConfigurationName = Release;
		};
		2E64FA861EFB16C80066A54C /* Build configuration list for PBXNativeTarget "FlixTests" */ = {
			isa = XCConfigurationList;
			buildConfigurations = (
				2E64FA871EFB16C80066A54C /* Debug */,
				2E64FA881EFB16C80066A54C /* Release */,
			);
			defaultConfigurationIsVisible = 0;
			defaultConfigurationName = Release;
		};
		2E64FA891EFB16C80066A54C /* Build configuration list for PBXNativeTarget "FlixUITests" */ = {
			isa = XCConfigurationList;
			buildConfigurations = (
				2E64FA8A1EFB16C80066A54C /* Debug */,
				2E64FA8B1EFB16C80066A54C /* Release */,
			);
			defaultConfigurationIsVisible = 0;
			defaultConfigurationName = Release;
		};
/* End XCConfigurationList section */
	};
	rootObject = 2E64FA531EFB16C80066A54C /* Project object */;
}
